
Microsoft Visual Studio Solution File, Format Version 12.00
# Visual Studio Version 17
VisualStudioVersion = 17.3.32819.101
MinimumVisualStudioVersion = 10.0.40219.1
Project("{FAE04EC0-301F-11D3-BF4B-00C04F79EFBC}") = "Get-OCR-text-and-its-bounds-from-PDF", "Get-OCR-text-and-its-bounds-from-PDF\Get-OCR-text-and-its-bounds-from-PDF.csproj", "{3CAA1A98-DFE5-4589-A787-D31B5600B439}"
EndProject
Global
	GlobalSection(SolutionConfigurationPlatforms) = preSolution
		Debug|Any CPU = Debug|Any CPU
		Release|Any CPU = Release|Any CPU
	EndGlobalSection
	GlobalSection(ProjectConfigurationPlatforms) = postSolution
		{3CAA1A98-DFE5-4589-A787-D31B5600B439}.Debug|Any CPU.ActiveCfg = Debug|Any CPU
		{3CAA1A98-DFE5-4589-A787-D31B5600B439}.Debug|Any CPU.Build.0 = Debug|Any CPU
		{3CAA1A98-DFE5-4589-A787-D31B5600B439}.Release|Any CPU.ActiveCfg = Release|Any CPU
		{3CAA1A98-DFE5-4589-A787-D31B5600B439}.Release|Any CPU.Build.0 = Release|Any CPU
	EndGlobalSection
	GlobalSection(SolutionProperties) = preSolution
		HideSolutionNode = FALSE
	EndGlobalSection
	GlobalSection(ExtensibilityGlobals) = postSolution
		SolutionGuid = {F6C9DA6A-4E6B-40FE-81AA-28A801E28E26}
	EndGlobalSection
EndGlobal
