
Microsoft Visual Studio Solution File, Format Version 12.00
# Visual Studio Version 17
VisualStudioVersion = 17.3.32819.101
MinimumVisualStudioVersion = 10.0.40219.1
Project("{FAE04EC0-301F-11D3-BF4B-00C04F79EFBC}") = "OCR-on-rotated-PDF-document", "OCR-on-rotated-PDF-document\OCR-on-rotated-PDF-document.csproj", "{5F20F483-DD30-4635-9EFA-AF295C58C1F2}"
EndProject
Global
	GlobalSection(SolutionConfigurationPlatforms) = preSolution
		Debug|Any CPU = Debug|Any CPU
		Release|Any CPU = Release|Any CPU
	EndGlobalSection
	GlobalSection(ProjectConfigurationPlatforms) = postSolution
		{5F20F483-DD30-4635-9EFA-AF295C58C1F2}.Debug|Any CPU.ActiveCfg = Debug|Any CPU
		{5F20F483-DD30-4635-9EFA-AF295C58C1F2}.Debug|Any CPU.Build.0 = Debug|Any CPU
		{5F20F483-DD30-4635-9EFA-AF295C58C1F2}.Release|Any CPU.ActiveCfg = Release|Any CPU
		{5F20F483-DD30-4635-9EFA-AF295C58C1F2}.Release|Any CPU.Build.0 = Release|Any CPU
	EndGlobalSection
	GlobalSection(SolutionProperties) = preSolution
		HideSolutionNode = FALSE
	EndGlobalSection
	GlobalSection(ExtensibilityGlobals) = postSolution
		SolutionGuid = {489DF3AC-3F7B-4CBB-8A27-E66BDF34470D}
	EndGlobalSection
EndGlobal
