
Microsoft Visual Studio Solution File, Format Version 12.00
# Visual Studio Version 17
VisualStudioVersion = 17.3.32819.101
MinimumVisualStudioVersion = 10.0.40219.1
Project("{FAE04EC0-301F-11D3-BF4B-00C04F79EFBC}") = "OCR-on-region-of-PDF-document", "OCR-on-region-of-PDF-document\OCR-on-region-of-PDF-document.csproj", "{00158344-8976-4333-94F1-CFEE69DA6EFE}"
EndProject
Global
	GlobalSection(SolutionConfigurationPlatforms) = preSolution
		Debug|Any CPU = Debug|Any CPU
		Release|Any CPU = Release|Any CPU
	EndGlobalSection
	GlobalSection(ProjectConfigurationPlatforms) = postSolution
		{00158344-8976-4333-94F1-CFEE69DA6EFE}.Debug|Any CPU.ActiveCfg = Debug|Any CPU
		{00158344-8976-4333-94F1-CFEE69DA6EFE}.Debug|Any CPU.Build.0 = Debug|Any CPU
		{00158344-8976-4333-94F1-CFEE69DA6EFE}.Release|Any CPU.ActiveCfg = Release|Any CPU
		{00158344-8976-4333-94F1-CFEE69DA6EFE}.Release|Any CPU.Build.0 = Release|Any CPU
	EndGlobalSection
	GlobalSection(SolutionProperties) = preSolution
		HideSolutionNode = FALSE
	EndGlobalSection
	GlobalSection(ExtensibilityGlobals) = postSolution
		SolutionGuid = {685BA5A1-76F5-4ECF-8760-DD8913B1BBB2}
	EndGlobalSection
EndGlobal
